// !$*UTF8*$!
{
	archiveVersion = 1;
	classes = {
	};
	objectVersion = 55;
	objects = {

/* Begin PBXBuildFile section */
		BFB1673627912DAA0050FC1E /* AppDelegate.swift in Sources */ = {isa = PBXBuildFile; fileRef = BFB1673527912DAA0050FC1E /* AppDelegate.swift */; };
		BFB1673827912DAA0050FC1E /* SceneDelegate.swift in Sources */ = {isa = PBXBuildFile; fileRef = BFB1673727912DAA0050FC1E /* SceneDelegate.swift */; };
		BFB1673A27912DAA0050FC1E /* ViewController.swift in Sources */ = {isa = PBXBuildFile; fileRef = BFB1673927912DAA0050FC1E /* ViewController.swift */; };
		BFB1673D27912DAA0050FC1E /* Main.storyboard in Resources */ = {isa = PBXBuildFile; fileRef = BFB1673B27912DAA0050FC1E /* Main.storyboard */; };
		BFB1673F27912DAC0050FC1E /* Assets.xcassets in Resources */ = {isa = PBXBuildFile; fileRef = BFB1673E27912DAC0050FC1E /* Assets.xcassets */; };
		BFB1674227912DAC0050FC1E /* LaunchScreen.storyboard in Resources */ = {isa = PBXBuildFile; fileRef = BFB1674027912DAC0050FC1E /* LaunchScreen.storyboard */; };
		BFB1674D27912DAD0050FC1E /* Tip_Calculator_AppTests.swift in Sources */ = {isa = PBXBuildFile; fileRef = BFB1674C27912DAD0050FC1E /* Tip_Calculator_AppTests.swift */; };
		BFB1675727912DAD0050FC1E /* Tip_Calculator_AppUITests.swift in Sources */ = {isa = PBXBuildFile; fileRef = BFB1675627912DAD0050FC1E /* Tip_Calculator_AppUITests.swift */; };
		BFB1675927912DAD0050FC1E /* Tip_Calculator_AppUITestsLaunchTests.swift in Sources */ = {isa = PBXBuildFile; fileRef = BFB1675827912DAD0050FC1E /* Tip_Calculator_AppUITestsLaunchTests.swift */; };
/* End PBXBuildFile section */

/* Begin PBXContainerItemProxy section */
		BFB1674927912DAD0050FC1E /* PBXContainerItemProxy */ = {
			isa = PBXContainerItemProxy;
			containerPortal = BFB1672A27912DAA0050FC1E /* Project object */;
			proxyType = 1;
			remoteGlobalIDString = BFB1673127912DAA0050FC1E;
			remoteInfo = "Tip Calculator App";
		};
		BFB1675327912DAD0050FC1E /* PBXContainerItemProxy */ = {
			isa = PBXContainerItemProxy;
			containerPortal = BFB1672A27912DAA0050FC1E /* Project object */;
			proxyType = 1;
			remoteGlobalIDString = BFB1673127912DAA0050FC1E;
			remoteInfo = "Tip Calculator App";
		};
/* End PBXContainerItemProxy section */

/* Begin PBXFileReference section */
		BFB1673227912DAA0050FC1E /* Tip Calculator App.app */ = {isa = PBXFileReference; explicitFileType = wrapper.application; includeInIndex = 0; path = "Tip Calculator App.app"; sourceTree = BUILT_PRODUCTS_DIR; };
		BFB1673527912DAA0050FC1E /* AppDelegate.swift */ = {isa = PBXFileReference; lastKnownFileType = sourcecode.swift; path = AppDelegate.swift; sourceTree = "<group>"; };
		BFB1673727912DAA0050FC1E /* SceneDelegate.swift */ = {isa = PBXFileReference; lastKnownFileType = sourcecode.swift; path = SceneDelegate.swift; sourceTree = "<group>"; };
		BFB1673927912DAA0050FC1E /* ViewController.swift */ = {isa = PBXFileReference; lastKnownFileType = sourcecode.swift; path = ViewController.swift; sourceTree = "<group>"; };
		BFB1673C27912DAA0050FC1E /* Base */ = {isa = PBXFileReference; lastKnownFileType = file.storyboard; name = Base; path = Base.lproj/Main.storyboard; sourceTree = "<group>"; };
		BFB1673E27912DAC0050FC1E /* Assets.xcassets */ = {isa = PBXFileReference; lastKnownFileType = folder.assetcatalog; path = Assets.xcassets; sourceTree = "<group>"; };
		BFB1674127912DAC0050FC1E /* Base */ = {isa = PBXFileReference; lastKnownFileType = file.storyboard; name = Base; path = Base.lproj/LaunchScreen.storyboard; sourceTree = "<group>"; };
		BFB1674327912DAC0050FC1E /* Info.plist */ = {isa = PBXFileReference; lastKnownFileType = text.plist.xml; path = Info.plist; sourceTree = "<group>"; };
		BFB1674827912DAD0050FC1E /* Tip Calculator AppTests.xctest */ = {isa = PBXFileReference; explicitFileType = wrapper.cfbundle; includeInIndex = 0; path = "Tip Calculator AppTests.xctest"; sourceTree = BUILT_PRODUCTS_DIR; };
		BFB1674C27912DAD0050FC1E /* Tip_Calculator_AppTests.swift */ = {isa = PBXFileReference; lastKnownFileType = sourcecode.swift; path = Tip_Calculator_AppTests.swift; sourceTree = "<group>"; };
		BFB1675227912DAD0050FC1E /* Tip Calculator AppUITests.xctest */ = {isa = PBXFileReference; explicitFileType = wrapper.cfbundle; includeInIndex = 0; path = "Tip Calculator AppUITests.xctest"; sourceTree = BUILT_PRODUCTS_DIR; };
		BFB1675627912DAD0050FC1E /* Tip_Calculator_AppUITests.swift */ = {isa = PBXFileReference; lastKnownFileType = sourcecode.swift; path = Tip_Calculator_AppUITests.swift; sourceTree = "<group>"; };
		BFB1675827912DAD0050FC1E /* Tip_Calculator_AppUITestsLaunchTests.swift */ = {isa = PBXFileReference; lastKnownFileType = sourcecode.swift; path = Tip_Calculator_AppUITestsLaunchTests.swift; sourceTree = "<group>"; };
/* End PBXFileReference section */

/* Begin PBXFrameworksBuildPhase section */
		BFB1672F27912DAA0050FC1E /* Frameworks */ = {
			isa = PBXFrameworksBuildPhase;
			buildActionMask = 2147483647;
			files = (
			);
			runOnlyForDeploymentPostprocessing = 0;
		};
		BFB1674527912DAD0050FC1E /* Frameworks */ = {
			isa = PBXFrameworksBuildPhase;
			buildActionMask = 2147483647;
			files = (
			);
			runOnlyForDeploymentPostprocessing = 0;
		};
		BFB1674F27912DAD0050FC1E /* Frameworks */ = {
			isa = PBXFrameworksBuildPhase;
			buildActionMask = 2147483647;
			files = (
			);
			runOnlyForDeploymentPostprocessing = 0;
		};
/* End PBXFrameworksBuildPhase section */

/* Begin PBXGroup section */
		BFB1672927912DAA0050FC1E = {
			isa = PBXGroup;
			children = (
				BFB1673427912DAA0050FC1E /* Tip Calculator App */,
				BFB1674B27912DAD0050FC1E /* Tip Calculator AppTests */,
				BFB1675527912DAD0050FC1E /* Tip Calculator AppUITests */,
				BFB1673327912DAA0050FC1E /* Products */,
			);
			sourceTree = "<group>";
		};
		BFB1673327912DAA0050FC1E /* Products */ = {
			isa = PBXGroup;
			children = (
				BFB1673227912DAA0050FC1E /* Tip Calculator App.app */,
				BFB1674827912DAD0050FC1E /* Tip Calculator AppTests.xctest */,
				BFB1675227912DAD0050FC1E /* Tip Calculator AppUITests.xctest */,
			);
			name = Products;
			sourceTree = "<group>";
		};
		BFB1673427912DAA0050FC1E /* Tip Calculator App */ = {
			isa = PBXGroup;
			children = (
				BFB1673527912DAA0050FC1E /* AppDelegate.swift */,
				BFB1673727912DAA0050FC1E /* SceneDelegate.swift */,
				BFB1673927912DAA0050FC1E /* ViewController.swift */,
				BFB1673B27912DAA0050FC1E /* Main.storyboard */,
				BFB1673E27912DAC0050FC1E /* Assets.xcassets */,
				BFB1674027912DAC0050FC1E /* LaunchScreen.storyboard */,
				BFB1674327912DAC0050FC1E /* Info.plist */,
			);
			path = "Tip Calculator App";
			sourceTree = "<group>";
		};
		BFB1674B27912DAD0050FC1E /* Tip Calculator AppTests */ = {
			isa = PBXGroup;
			children = (
				BFB1674C27912DAD0050FC1E /* Tip_Calculator_AppTests.swift */,
			);
			path = "Tip Calculator AppTests";
			sourceTree = "<group>";
		};
		BFB1675527912DAD0050FC1E /* Tip Calculator AppUITests */ = {
			isa = PBXGroup;
			children = (
				BFB1675627912DAD0050FC1E /* Tip_Calculator_AppUITests.swift */,
				BFB1675827912DAD0050FC1E /* Tip_Calculator_AppUITestsLaunchTests.swift */,
			);
			path = "Tip Calculator AppUITests";
			sourceTree = "<group>";
		};
/* End PBXGroup section */

/* Begin PBXNativeTarget section */
		BFB1673127912DAA0050FC1E /* Tip Calculator App */ = {
			isa = PBXNativeTarget;
			buildConfigurationList = BFB1675C27912DAD0050FC1E /* Build configuration list for PBXNativeTarget "Tip Calculator App" */;
			buildPhases = (
				BFB1672E27912DAA0050FC1E /* Sources */,
				BFB1672F27912DAA0050FC1E /* Frameworks */,
				BFB1673027912DAA0050FC1E /* Resources */,
			);
			buildRules = (
			);
			dependencies = (
			);
			name = "Tip Calculator App";
			productName = "Tip Calculator App";
			productReference = BFB1673227912DAA0050FC1E /* Tip Calculator App.app */;
			productType = "com.apple.product-type.application";
		};
		BFB1674727912DAD0050FC1E /* Tip Calculator AppTests */ = {
			isa = PBXNativeTarget;
			buildConfigurationList = BFB1675F27912DAD0050FC1E /* Build configuration list for PBXNativeTarget "Tip Calculator AppTests" */;
			buildPhases = (
				BFB1674427912DAD0050FC1E /* Sources */,
				BFB1674527912DAD0050FC1E /* Frameworks */,
				BFB1674627912DAD0050FC1E /* Resources */,
			);
			buildRules = (
			);
			dependencies = (
				BFB1674A27912DAD0050FC1E /* PBXTargetDependency */,
			);
			name = "Tip Calculator AppTests";
			productName = "Tip Calculator AppTests";
			productReference = BFB1674827912DAD0050FC1E /* Tip Calculator AppTests.xctest */;
			productType = "com.apple.product-type.bundle.unit-test";
		};
		BFB1675127912DAD0050FC1E /* Tip Calculator AppUITests */ = {
			isa = PBXNativeTarget;
			buildConfigurationList = BFB1676227912DAD0050FC1E /* Build configuration list for PBXNativeTarget "Tip Calculator AppUITests" */;
			buildPhases = (
				BFB1674E27912DAD0050FC1E /* Sources */,
				BFB1674F27912DAD0050FC1E /* Frameworks */,
				BFB1675027912DAD0050FC1E /* Resources */,
			);
			buildRules = (
			);
			dependencies = (
				BFB1675427912DAD0050FC1E /* PBXTargetDependency */,
			);
			name = "Tip Calculator AppUITests";
			productName = "Tip Calculator AppUITests";
			productReference = BFB1675227912DAD0050FC1E /* Tip Calculator AppUITests.xctest */;
			productType = "com.apple.product-type.bundle.ui-testing";
		};
/* End PBXNativeTarget section */

/* Begin PBXProject section */
		BFB1672A27912DAA0050FC1E /* Project object */ = {
			isa = PBXProject;
			attributes = {
				BuildIndependentTargetsInParallel = 1;
				LastSwiftUpdateCheck = 1300;
				LastUpgradeCheck = 1300;
				TargetAttributes = {
					BFB1673127912DAA0050FC1E = {
						CreatedOnToolsVersion = 13.0;
					};
					BFB1674727912DAD0050FC1E = {
						CreatedOnToolsVersion = 13.0;
						TestTargetID = BFB1673127912DAA0050FC1E;
					};
					BFB1675127912DAD0050FC1E = {
						CreatedOnToolsVersion = 13.0;
						TestTargetID = BFB1673127912DAA0050FC1E;
					};
				};
			};
			buildConfigurationList = BFB1672D27912DAA0050FC1E /* Build configuration list for PBXProject "Tip Calculator App" */;
			compatibilityVersion = "Xcode 13.0";
			developmentRegion = en;
			hasScannedForEncodings = 0;
			knownRegions = (
				en,
				Base,
			);
			mainGroup = BFB1672927912DAA0050FC1E;
			productRefGroup = BFB1673327912DAA0050FC1E /* Products */;
			projectDirPath = "";
			projectRoot = "";
			targets = (
				BFB1673127912DAA0050FC1E /* Tip Calculator App */,
				BFB1674727912DAD0050FC1E /* Tip Calculator AppTests */,
				BFB1675127912DAD0050FC1E /* Tip Calculator AppUITests */,
			);
		};
/* End PBXProject section */

/* Begin PBXResourcesBuildPhase section */
		BFB1673027912DAA0050FC1E /* Resources */ = {
			isa = PBXResourcesBuildPhase;
			buildActionMask = 2147483647;
			files = (
				BFB1674227912DAC0050FC1E /* LaunchScreen.storyboard in Resources */,
				BFB1673F27912DAC0050FC1E /* Assets.xcassets in Resources */,
				BFB1673D27912DAA0050FC1E /* Main.storyboard in Resources */,
			);
			runOnlyForDeploymentPostprocessing = 0;
		};
		BFB1674627912DAD0050FC1E /* Resources */ = {
			isa = PBXResourcesBuildPhase;
			buildActionMask = 2147483647;
			files = (
			);
			runOnlyForDeploymentPostprocessing = 0;
		};
		BFB1675027912DAD0050FC1E /* Resources */ = {
			isa = PBXResourcesBuildPhase;
			buildActionMask = 2147483647;
			files = (
			);
			runOnlyForDeploymentPostprocessing = 0;
		};
/* End PBXResourcesBuildPhase section */

/* Begin PBXSourcesBuildPhase section */
		BFB1672E27912DAA0050FC1E /* Sources */ = {
			isa = PBXSourcesBuildPhase;
			buildActionMask = 2147483647;
			files = (
				BFB1673A27912DAA0050FC1E /* ViewController.swift in Sources */,
				BFB1673627912DAA0050FC1E /* AppDelegate.swift in Sources */,
				BFB1673827912DAA0050FC1E /* SceneDelegate.swift in Sources */,
			);
			runOnlyForDeploymentPostprocessing = 0;
		};
		BFB1674427912DAD0050FC1E /* Sources */ = {
			isa = PBXSourcesBuildPhase;
			buildActionMask = 2147483647;
			files = (
				BFB1674D27912DAD0050FC1E /* Tip_Calculator_AppTests.swift in Sources */,
			);
			runOnlyForDeploymentPostprocessing = 0;
		};
		BFB1674E27912DAD0050FC1E /* Sources */ = {
			isa = PBXSourcesBuildPhase;
			buildActionMask = 2147483647;
			files = (
				BFB1675927912DAD0050FC1E /* Tip_Calculator_AppUITestsLaunchTests.swift in Sources */,
				BFB1675727912DAD0050FC1E /* Tip_Calculator_AppUITests.swift in Sources */,
			);
			runOnlyForDeploymentPostprocessing = 0;
		};
/* End PBXSourcesBuildPhase section */

/* Begin PBXTargetDependency section */
		BFB1674A27912DAD0050FC1E /* PBXTargetDependency */ = {
			isa = PBXTargetDependency;
			target = BFB1673127912DAA0050FC1E /* Tip Calculator App */;
			targetProxy = BFB1674927912DAD0050FC1E /* PBXContainerItemProxy */;
		};
		BFB1675427912DAD0050FC1E /* PBXTargetDependency */ = {
			isa = PBXTargetDependency;
			target = BFB1673127912DAA0050FC1E /* Tip Calculator App */;
			targetProxy = BFB1675327912DAD0050FC1E /* PBXContainerItemProxy */;
		};
/* End PBXTargetDependency section */

/* Begin PBXVariantGroup section */
		BFB1673B27912DAA0050FC1E /* Main.storyboard */ = {
			isa = PBXVariantGroup;
			children = (
				BFB1673C27912DAA0050FC1E /* Base */,
			);
			name = Main.storyboard;
			sourceTree = "<group>";
		};
		BFB1674027912DAC0050FC1E /* LaunchScreen.storyboard */ = {
			isa = PBXVariantGroup;
			children = (
				BFB1674127912DAC0050FC1E /* Base */,
			);
			name = LaunchScreen.storyboard;
			sourceTree = "<group>";
		};
/* End PBXVariantGroup section */

/* Begin XCBuildConfiguration section */
		BFB1675A27912DAD0050FC1E /* Debug */ = {
			isa = XCBuildConfiguration;
			buildSettings = {
				ALWAYS_SEARCH_USER_PATHS = NO;
				CLANG_ANALYZER_NONNULL = YES;
				CLANG_ANALYZER_NUMBER_OBJECT_CONVERSION = YES_AGGRESSIVE;
				CLANG_CXX_LANGUAGE_STANDARD = "gnu++17";
				CLANG_CXX_LIBRARY = "libc++";
				CLANG_ENABLE_MODULES = YES;
				CLANG_ENABLE_OBJC_ARC = YES;
				CLANG_ENABLE_OBJC_WEAK = YES;
				CLANG_WARN_BLOCK_CAPTURE_AUTORELEASING = YES;
				CLANG_WARN_BOOL_CONVERSION = YES;
				CLANG_WARN_COMMA = YES;
				CLANG_WARN_CONSTANT_CONVERSION = YES;
				CLANG_WARN_DEPRECATED_OBJC_IMPLEMENTATIONS = YES;
				CLANG_WARN_DIRECT_OBJC_ISA_USAGE = YES_ERROR;
				CLANG_WARN_DOCUMENTATION_COMMENTS = YES;
				CLANG_WARN_EMPTY_BODY = YES;
				CLANG_WARN_ENUM_CONVERSION = YES;
				CLANG_WARN_INFINITE_RECURSION = YES;
				CLANG_WARN_INT_CONVERSION = YES;
				CLANG_WARN_NON_LITERAL_NULL_CONVERSION = YES;
				CLANG_WARN_OBJC_IMPLICIT_RETAIN_SELF = YES;
				CLANG_WARN_OBJC_LITERAL_CONVERSION = YES;
				CLANG_WARN_OBJC_ROOT_CLASS = YES_ERROR;
				CLANG_WARN_QUOTED_INCLUDE_IN_FRAMEWORK_HEADER = YES;
				CLANG_WARN_RANGE_LOOP_ANALYSIS = YES;
				CLANG_WARN_STRICT_PROTOTYPES = YES;
				CLANG_WARN_SUSPICIOUS_MOVE = YES;
				CLANG_WARN_UNGUARDED_AVAILABILITY = YES_AGGRESSIVE;
				CLANG_WARN_UNREACHABLE_CODE = YES;
				CLANG_WARN__DUPLICATE_METHOD_MATCH = YES;
				COPY_PHASE_STRIP = NO;
				DEBUG_INFORMATION_FORMAT = dwarf;
				ENABLE_STRICT_OBJC_MSGSEND = YES;
				ENABLE_TESTABILITY = YES;
				GCC_C_LANGUAGE_STANDARD = gnu11;
				GCC_DYNAMIC_NO_PIC = NO;
				GCC_NO_COMMON_BLOCKS = YES;
				GCC_OPTIMIZATION_LEVEL = 0;
				GCC_PREPROCESSOR_DEFINITIONS = (
					"DEBUG=1",
					"$(inherited)",
				);
				GCC_WARN_64_TO_32_BIT_CONVERSION = YES;
				GCC_WARN_ABOUT_RETURN_TYPE = YES_ERROR;
				GCC_WARN_UNDECLARED_SELECTOR = YES;
				GCC_WARN_UNINITIALIZED_AUTOS = YES_AGGRESSIVE;
				GCC_WARN_UNUSED_FUNCTION = YES;
				GCC_WARN_UNUSED_VARIABLE = YES;
				IPHONEOS_DEPLOYMENT_TARGET = 15.0;
				MTL_ENABLE_DEBUG_INFO = INCLUDE_SOURCE;
				MTL_FAST_MATH = YES;
				ONLY_ACTIVE_ARCH = YES;
				SDKROOT = iphoneos;
				SWIFT_ACTIVE_COMPILATION_CONDITIONS = DEBUG;
				SWIFT_OPTIMIZATION_LEVEL = "-Onone";
			};
			name = Debug;
		};
		BFB1675B27912DAD0050FC1E /* Release */ = {
			isa = XCBuildConfiguration;
			buildSettings = {
				ALWAYS_SEARCH_USER_PATHS = NO;
				CLANG_ANALYZER_NONNULL = YES;
				CLANG_ANALYZER_NUMBER_OBJECT_CONVERSION = YES_AGGRESSIVE;
				CLANG_CXX_LANGUAGE_STANDARD = "gnu++17";
				CLANG_CXX_LIBRARY = "libc++";
				CLANG_ENABLE_MODULES = YES;
				CLANG_ENABLE_OBJC_ARC = YES;
				CLANG_ENABLE_OBJC_WEAK = YES;
				CLANG_WARN_BLOCK_CAPTURE_AUTORELEASING = YES;
				CLANG_WARN_BOOL_CONVERSION = YES;
				CLANG_WARN_COMMA = YES;
				CLANG_WARN_CONSTANT_CONVERSION = YES;
				CLANG_WARN_DEPRECATED_OBJC_IMPLEMENTATIONS = YES;
				CLANG_WARN_DIRECT_OBJC_ISA_USAGE = YES_ERROR;
				CLANG_WARN_DOCUMENTATION_COMMENTS = YES;
				CLANG_WARN_EMPTY_BODY = YES;
				CLANG_WARN_ENUM_CONVERSION = YES;
				CLANG_WARN_INFINITE_RECURSION = YES;
				CLANG_WARN_INT_CONVERSION = YES;
				CLANG_WARN_NON_LITERAL_NULL_CONVERSION = YES;
				CLANG_WARN_OBJC_IMPLICIT_RETAIN_SELF = YES;
				CLANG_WARN_OBJC_LITERAL_CONVERSION = YES;
				CLANG_WARN_OBJC_ROOT_CLASS = YES_ERROR;
				CLANG_WARN_QUOTED_INCLUDE_IN_FRAMEWORK_HEADER = YES;
				CLANG_WARN_RANGE_LOOP_ANALYSIS = YES;
				CLANG_WARN_STRICT_PROTOTYPES = YES;
				CLANG_WARN_SUSPICIOUS_MOVE = YES;
				CLANG_WARN_UNGUARDED_AVAILABILITY = YES_AGGRESSIVE;
				CLANG_WARN_UNREACHABLE_CODE = YES;
				CLANG_WARN__DUPLICATE_METHOD_MATCH = YES;
				COPY_PHASE_STRIP = NO;
				DEBUG_INFORMATION_FORMAT = "dwarf-with-dsym";
				ENABLE_NS_ASSERTIONS = NO;
				ENABLE_STRICT_OBJC_MSGSEND = YES;
				GCC_C_LANGUAGE_STANDARD = gnu11;
				GCC_NO_COMMON_BLOCKS = YES;
				GCC_WARN_64_TO_32_BIT_CONVERSION = YES;
				GCC_WARN_ABOUT_RETURN_TYPE = YES_ERROR;
				GCC_WARN_UNDECLARED_SELECTOR = YES;
				GCC_WARN_UNINITIALIZED_AUTOS = YES_AGGRESSIVE;
				GCC_WARN_UNUSED_FUNCTION = YES;
				GCC_WARN_UNUSED_VARIABLE = YES;
				IPHONEOS_DEPLOYMENT_TARGET = 15.0;
				MTL_ENABLE_DEBUG_INFO = NO;
				MTL_FAST_MATH = YES;
				SDKROOT = iphoneos;
				SWIFT_COMPILATION_MODE = wholemodule;
				SWIFT_OPTIMIZATION_LEVEL = "-O";
				VALIDATE_PRODUCT = YES;
			};
			name = Release;
		};
		BFB1675D27912DAD0050FC1E /* Debug */ = {
			isa = XCBuildConfiguration;
			buildSettings = {
				ASSETCATALOG_COMPILER_APPICON_NAME = AppIcon;
				ASSETCATALOG_COMPILER_GLOBAL_ACCENT_COLOR_NAME = AccentColor;
				CODE_SIGN_STYLE = Automatic;
				CURRENT_PROJECT_VERSION = 1;
				GENERATE_INFOPLIST_FILE = YES;
				INFOPLIST_FILE = "Tip Calculator App/Info.plist";
				INFOPLIST_KEY_UIApplicationSupportsIndirectInputEvents = YES;
				INFOPLIST_KEY_UILaunchStoryboardName = LaunchScreen;
				INFOPLIST_KEY_UIMainStoryboardFile = Main;
				INFOPLIST_KEY_UISupportedInterfaceOrientations_iPad = "UIInterfaceOrientationPortrait UIInterfaceOrientationPortraitUpsideDown UIInterfaceOrientationLandscapeLeft UIInterfaceOrientationLandscapeRight";
				INFOPLIST_KEY_UISupportedInterfaceOrientations_iPhone = "UIInterfaceOrientationPortrait UIInterfaceOrientationLandscapeLeft UIInterfaceOrientationLandscapeRight";
				LD_RUNPATH_SEARCH_PATHS = (
					"$(inherited)",
					"@executable_path/Frameworks",
				);
				MARKETING_VERSION = 1.0;
				PRODUCT_BUNDLE_IDENTIFIER = "Yuka-Nakamura.Tip-Calculator-App";
				PRODUCT_NAME = "$(TARGET_NAME)";
				SWIFT_EMIT_LOC_STRINGS = YES;
				SWIFT_VERSION = 5.0;
				TARGETED_DEVICE_FAMILY = "1,2";
			};
			name = Debug;
		};
		BFB1675E27912DAD0050FC1E /* Release */ = {
			isa = XCBuildConfiguration;
			buildSettings = {
				ASSETCATALOG_COMPILER_APPICON_NAME = AppIcon;
				ASSETCATALOG_COMPILER_GLOBAL_ACCENT_COLOR_NAME = AccentColor;
				CODE_SIGN_STYLE = Automatic;
				CURRENT_PROJECT_VERSION = 1;
				GENERATE_INFOPLIST_FILE = YES;
				INFOPLIST_FILE = "Tip Calculator App/Info.plist";
				INFOPLIST_KEY_UIApplicationSupportsIndirectInputEvents = YES;
				INFOPLIST_KEY_UILaunchStoryboardName = LaunchScreen;
				INFOPLIST_KEY_UIMainStoryboardFile = Main;
				INFOPLIST_KEY_UISupportedInterfaceOrientations_iPad = "UIInterfaceOrientationPortrait UIInterfaceOrientationPortraitUpsideDown UIInterfaceOrientationLandscapeLeft UIInterfaceOrientationLandscapeRight";
				INFOPLIST_KEY_UISupportedInterfaceOrientations_iPhone = "UIInterfaceOrientationPortrait UIInterfaceOrientationLandscapeLeft UIInterfaceOrientationLandscapeRight";
				LD_RUNPATH_SEARCH_PATHS = (
					"$(inherited)",
					"@executable_path/Frameworks",
				);
				MARKETING_VERSION = 1.0;
				PRODUCT_BUNDLE_IDENTIFIER = "Yuka-Nakamura.Tip-Calculator-App";
				PRODUCT_NAME = "$(TARGET_NAME)";
				SWIFT_EMIT_LOC_STRINGS = YES;
				SWIFT_VERSION = 5.0;
				TARGETED_DEVICE_FAMILY = "1,2";
			};
			name = Release;
		};
		BFB1676027912DAD0050FC1E /* Debug */ = {
			isa = XCBuildConfiguration;
			buildSettings = {
				ALWAYS_EMBED_SWIFT_STANDARD_LIBRARIES = YES;
				BUNDLE_LOADER = "$(TEST_HOST)";
				CODE_SIGN_STYLE = Automatic;
				CURRENT_PROJECT_VERSION = 1;
				GENERATE_INFOPLIST_FILE = YES;
				IPHONEOS_DEPLOYMENT_TARGET = 15.0;
				LD_RUNPATH_SEARCH_PATHS = (
					"$(inherited)",
					"@executable_path/Frameworks",
					"@loader_path/Frameworks",
				);
				MARKETING_VERSION = 1.0;
				PRODUCT_BUNDLE_IDENTIFIER = "Yuka-Nakamura.Tip-Calculator-AppTests";
				PRODUCT_NAME = "$(TARGET_NAME)";
				SWIFT_EMIT_LOC_STRINGS = NO;
				SWIFT_VERSION = 5.0;
				TARGETED_DEVICE_FAMILY = "1,2";
				TEST_HOST = "$(BUILT_PRODUCTS_DIR)/Tip Calculator App.app/Tip Calculator App";
			};
			name = Debug;
		};
		BFB1676127912DAD0050FC1E /* Release */ = {
			isa = XCBuildConfiguration;
			buildSettings = {
				ALWAYS_EMBED_SWIFT_STANDARD_LIBRARIES = YES;
				BUNDLE_LOADER = "$(TEST_HOST)";
				CODE_SIGN_STYLE = Automatic;
				CURRENT_PROJECT_VERSION = 1;
				GENERATE_INFOPLIST_FILE = YES;
				IPHONEOS_DEPLOYMENT_TARGET = 15.0;
				LD_RUNPATH_SEARCH_PATHS = (
					"$(inherited)",
					"@executable_path/Frameworks",
					"@loader_path/Frameworks",
				);
				MARKETING_VERSION = 1.0;
				PRODUCT_BUNDLE_IDENTIFIER = "Yuka-Nakamura.Tip-Calculator-AppTests";
				PRODUCT_NAME = "$(TARGET_NAME)";
				SWIFT_EMIT_LOC_STRINGS = NO;
				SWIFT_VERSION = 5.0;
				TARGETED_DEVICE_FAMILY = "1,2";
				TEST_HOST = "$(BUILT_PRODUCTS_DIR)/Tip Calculator App.app/Tip Calculator App";
			};
			name = Release;
		};
		BFB1676327912DAD0050FC1E /* Debug */ = {
			isa = XCBuildConfiguration;
			buildSettings = {
				ALWAYS_EMBED_SWIFT_STANDARD_LIBRARIES = YES;
				CODE_SIGN_STYLE = Automatic;
				CURRENT_PROJECT_VERSION = 1;
				GENERATE_INFOPLIST_FILE = YES;
				LD_RUNPATH_SEARCH_PATHS = (
					"$(inherited)",
					"@executable_path/Frameworks",
					"@loader_path/Frameworks",
				);
				MARKETING_VERSION = 1.0;
				PRODUCT_BUNDLE_IDENTIFIER = "Yuka-Nakamura.Tip-Calculator-AppUITests";
				PRODUCT_NAME = "$(TARGET_NAME)";
				SWIFT_EMIT_LOC_STRINGS = NO;
				SWIFT_VERSION = 5.0;
				TARGETED_DEVICE_FAMILY = "1,2";
				TEST_TARGET_NAME = "Tip Calculator App";
			};
			name = Debug;
		};
		BFB1676427912DAD0050FC1E /* Release */ = {
			isa = XCBuildConfiguration;
			buildSettings = {
				ALWAYS_EMBED_SWIFT_STANDARD_LIBRARIES = YES;
				CODE_SIGN_STYLE = Automatic;
				CURRENT_PROJECT_VERSION = 1;
				GENERATE_INFOPLIST_FILE = YES;
				LD_RUNPATH_SEARCH_PATHS = (
					"$(inherited)",
					"@executable_path/Frameworks",
					"@loader_path/Frameworks",
				);
				MARKETING_VERSION = 1.0;
				PRODUCT_BUNDLE_IDENTIFIER = "Yuka-Nakamura.Tip-Calculator-AppUITests";
				PRODUCT_NAME = "$(TARGET_NAME)";
				SWIFT_EMIT_LOC_STRINGS = NO;
				SWIFT_VERSION = 5.0;
				TARGETED_DEVICE_FAMILY = "1,2";
				TEST_TARGET_NAME = "Tip Calculator App";
			};
			name = Release;
		};
/* End XCBuildConfiguration section */

/* Begin XCConfigurationList section */
		BFB1672D27912DAA0050FC1E /* Build configuration list for PBXProject "Tip Calculator App" */ = {
			isa = XCConfigurationList;
			buildConfigurations = (
				BFB1675A27912DAD0050FC1E /* Debug */,
				BFB1675B27912DAD0050FC1E /* Release */,
			);
			defaultConfigurationIsVisible = 0;
			defaultConfigurationName = Release;
		};
		BFB1675C27912DAD0050FC1E /* Build configuration list for PBXNativeTarget "Tip Calculator App" */ = {
			isa = XCConfigurationList;
			buildConfigurations = (
				BFB1675D27912DAD0050FC1E /* Debug */,
				BFB1675E27912DAD0050FC1E /* Release */,
			);
			defaultConfigurationIsVisible = 0;
			defaultConfigurationName = Release;
		};
		BFB1675F27912DAD0050FC1E /* Build configuration list for PBXNativeTarget "Tip Calculator AppTests" */ = {
			isa = XCConfigurationList;
			buildConfigurations = (
				BFB1676027912DAD0050FC1E /* Debug */,
				BFB1676127912DAD0050FC1E /* Release */,
			);
			defaultConfigurationIsVisible = 0;
			defaultConfigurationName = Release;
		};
		BFB1676227912DAD0050FC1E /* Build configuration list for PBXNativeTarget "Tip Calculator AppUITests" */ = {
			isa = XCConfigurationList;
			buildConfigurations = (
				BFB1676327912DAD0050FC1E /* Debug */,
				BFB1676427912DAD0050FC1E /* Release */,
			);
			defaultConfigurationIsVisible = 0;
			defaultConfigurationName = Release;
		};
/* End XCConfigurationList section */
	};
	rootObject = BFB1672A27912DAA0050FC1E /* Project object */;
}
